
Microsoft Visual Studio Solution File, Format Version 12.00
# Visual Studio Version 17
VisualStudioVersion = 17.0.31903.59
MinimumVisualStudioVersion = 10.0.40219.1
Project("{FAE04EC0-301F-11D3-BF4B-00C04F79EFBC}") = "Grimoire.Commons", "Grimoire.Commons\Grimoire.Commons.csproj", "{C972B813-FFBB-484A-A83E-97F421D9C546}"
EndProject
Project("{FAE04EC0-301F-11D3-BF4B-00C04F79EFBC}") = "Grimoire.Sources", "Grimoire.Sources\Grimoire.Sources.csproj", "{C7D88C9B-4E9F-4BF6-A79C-300AA34D595C}"
EndProject
Project("{FAE04EC0-301F-11D3-BF4B-00C04F79EFBC}") = "Grimoire.Web", "Grimoire.Web\Grimoire.Web.csproj", "{3E3CBB12-7973-41F1-8597-21E650A096DA}"
EndProject
Global
	GlobalSection(SolutionConfigurationPlatforms) = preSolution
		Debug|Any CPU = Debug|Any CPU
		Release|Any CPU = Release|Any CPU
	EndGlobalSection
	GlobalSection(SolutionProperties) = preSolution
		HideSolutionNode = FALSE
	EndGlobalSection
	GlobalSection(ProjectConfigurationPlatforms) = postSolution
		{C972B813-FFBB-484A-A83E-97F421D9C546}.Debug|Any CPU.ActiveCfg = Debug|Any CPU
		{C972B813-FFBB-484A-A83E-97F421D9C546}.Debug|Any CPU.Build.0 = Debug|Any CPU
		{C972B813-FFBB-484A-A83E-97F421D9C546}.Release|Any CPU.ActiveCfg = Release|Any CPU
		{C972B813-FFBB-484A-A83E-97F421D9C546}.Release|Any CPU.Build.0 = Release|Any CPU
		{C7D88C9B-4E9F-4BF6-A79C-300AA34D595C}.Debug|Any CPU.ActiveCfg = Debug|Any CPU
		{C7D88C9B-4E9F-4BF6-A79C-300AA34D595C}.Debug|Any CPU.Build.0 = Debug|Any CPU
		{C7D88C9B-4E9F-4BF6-A79C-300AA34D595C}.Release|Any CPU.ActiveCfg = Release|Any CPU
		{C7D88C9B-4E9F-4BF6-A79C-300AA34D595C}.Release|Any CPU.Build.0 = Release|Any CPU
		{3E3CBB12-7973-41F1-8597-21E650A096DA}.Debug|Any CPU.ActiveCfg = Debug|Any CPU
		{3E3CBB12-7973-41F1-8597-21E650A096DA}.Debug|Any CPU.Build.0 = Debug|Any CPU
		{3E3CBB12-7973-41F1-8597-21E650A096DA}.Release|Any CPU.ActiveCfg = Release|Any CPU
		{3E3CBB12-7973-41F1-8597-21E650A096DA}.Release|Any CPU.Build.0 = Release|Any CPU
	EndGlobalSection
EndGlobal
